
Microsoft Visual Studio Solution File, Format Version 12.00
# Visual Studio Version 16
VisualStudioVersion = 16.0.30907.101
MinimumVisualStudioVersion = 10.0.40219.1
Project("{9092AA53-FB77-4645-B42D-1CCCA6BD08BD}") = "XBSExplorer", "XBSExplorer\XBSExplorer.njsproj", "{57D7C0AF-ECAB-48DC-B1A6-2CE3C59EE56D}"
EndProject
Global
	GlobalSection(SolutionConfigurationPlatforms) = preSolution
		Debug|Any CPU = Debug|Any CPU
		Release|Any CPU = Release|Any CPU
	EndGlobalSection
	GlobalSection(ProjectConfigurationPlatforms) = postSolution
		{57D7C0AF-ECAB-48DC-B1A6-2CE3C59EE56D}.Debug|Any CPU.ActiveCfg = Debug|Any CPU
		{57D7C0AF-ECAB-48DC-B1A6-2CE3C59EE56D}.Debug|Any CPU.Build.0 = Debug|Any CPU
		{57D7C0AF-ECAB-48DC-B1A6-2CE3C59EE56D}.Release|Any CPU.ActiveCfg = Release|Any CPU
		{57D7C0AF-ECAB-48DC-B1A6-2CE3C59EE56D}.Release|Any CPU.Build.0 = Release|Any CPU
	EndGlobalSection
	GlobalSection(SolutionProperties) = preSolution
		HideSolutionNode = FALSE
	EndGlobalSection
	GlobalSection(ExtensibilityGlobals) = postSolution
		SolutionGuid = {123D42F1-EDB2-452B-BE95-E9A8F033360E}
	EndGlobalSection
EndGlobal
